// !$*UTF8*$!
{
	archiveVersion = 1;
	classes = {
	};
	objectVersion = 52;
	objects = {

/* Begin PBXBuildFile section */
		B96EB366230FC8F40054F514 /* SceneDelegate.m in Sources */ = {isa = PBXBuildFile; fileRef = B96EB365230FC8F40054F514 /* SceneDelegate.m */; };
		B9CEED472321BAD100DEC88A /* CameraControlsView.m in Sources */ = {isa = PBXBuildFile; fileRef = B9CEED462321BAD100DEC88A /* CameraControlsView.m */; };
		B9DF14AE22B810DE0028DC47 /* AppDelegate.m in Sources */ = {isa = PBXBuildFile; fileRef = B9DF14AD22B810DE0028DC47 /* AppDelegate.m */; };
		B9DF14B722B810DE0028DC47 /* Main.storyboard in Resources */ = {isa = PBXBuildFile; fileRef = B9DF14B522B810DE0028DC47 /* Main.storyboard */; };
		B9DF14B922B810E00028DC47 /* Assets.xcassets in Resources */ = {isa = PBXBuildFile; fileRef = B9DF14B822B810E00028DC47 /* Assets.xcassets */; };
		B9DF14BC22B810E00028DC47 /* LaunchScreen.storyboard in Resources */ = {isa = PBXBuildFile; fileRef = B9DF14BA22B810E00028DC47 /* LaunchScreen.storyboard */; };
		B9DF14BF22B810E00028DC47 /* main.m in Sources */ = {isa = PBXBuildFile; fileRef = B9DF14BE22B810E00028DC47 /* main.m */; };
		B9DF14C722B811810028DC47 /* CameraView.m in Sources */ = {isa = PBXBuildFile; fileRef = B9DF14C622B811810028DC47 /* CameraView.m */; };
		B9DF14CA22B8126D0028DC47 /* CameraViewController.m in Sources */ = {isa = PBXBuildFile; fileRef = B9DF14C922B8126D0028DC47 /* CameraViewController.m */; };
/* End PBXBuildFile section */

/* Begin PBXFileReference section */
		B96EB364230FC8F40054F514 /* SceneDelegate.h */ = {isa = PBXFileReference; fileEncoding = 4; lastKnownFileType = sourcecode.c.h; path = SceneDelegate.h; sourceTree = "<group>"; };
		B96EB365230FC8F40054F514 /* SceneDelegate.m */ = {isa = PBXFileReference; fileEncoding = 4; lastKnownFileType = sourcecode.c.objc; path = SceneDelegate.m; sourceTree = "<group>"; };
		B9CEED452321BAD100DEC88A /* CameraControlsView.h */ = {isa = PBXFileReference; lastKnownFileType = sourcecode.c.h; path = CameraControlsView.h; sourceTree = "<group>"; };
		B9CEED462321BAD100DEC88A /* CameraControlsView.m */ = {isa = PBXFileReference; lastKnownFileType = sourcecode.c.objc; path = CameraControlsView.m; sourceTree = "<group>"; wrapsLines = 0; };
		B9DF14A922B810DE0028DC47 /* ISOCameraLDE.app */ = {isa = PBXFileReference; explicitFileType = wrapper.application; includeInIndex = 0; path = ISOCameraLDE.app; sourceTree = BUILT_PRODUCTS_DIR; };
		B9DF14AC22B810DE0028DC47 /* AppDelegate.h */ = {isa = PBXFileReference; lastKnownFileType = sourcecode.c.h; path = AppDelegate.h; sourceTree = "<group>"; };
		B9DF14AD22B810DE0028DC47 /* AppDelegate.m */ = {isa = PBXFileReference; lastKnownFileType = sourcecode.c.objc; path = AppDelegate.m; sourceTree = "<group>"; };
		B9DF14B622B810DE0028DC47 /* Base */ = {isa = PBXFileReference; lastKnownFileType = file.storyboard; name = Base; path = Base.lproj/Main.storyboard; sourceTree = "<group>"; };
		B9DF14B822B810E00028DC47 /* Assets.xcassets */ = {isa = PBXFileReference; lastKnownFileType = folder.assetcatalog; path = Assets.xcassets; sourceTree = "<group>"; };
		B9DF14BB22B810E00028DC47 /* Base */ = {isa = PBXFileReference; lastKnownFileType = file.storyboard; name = Base; path = Base.lproj/LaunchScreen.storyboard; sourceTree = "<group>"; };
		B9DF14BD22B810E00028DC47 /* Info.plist */ = {isa = PBXFileReference; lastKnownFileType = text.plist.xml; path = Info.plist; sourceTree = "<group>"; };
		B9DF14BE22B810E00028DC47 /* main.m */ = {isa = PBXFileReference; lastKnownFileType = sourcecode.c.objc; path = main.m; sourceTree = "<group>"; };
		B9DF14C522B811800028DC47 /* CameraView.h */ = {isa = PBXFileReference; lastKnownFileType = sourcecode.c.h; path = CameraView.h; sourceTree = "<group>"; };
		B9DF14C622B811810028DC47 /* CameraView.m */ = {isa = PBXFileReference; lastKnownFileType = sourcecode.c.objc; path = CameraView.m; sourceTree = "<group>"; };
		B9DF14C822B8126D0028DC47 /* CameraViewController.h */ = {isa = PBXFileReference; lastKnownFileType = sourcecode.c.h; path = CameraViewController.h; sourceTree = "<group>"; };
		B9DF14C922B8126D0028DC47 /* CameraViewController.m */ = {isa = PBXFileReference; lastKnownFileType = sourcecode.c.objc; path = CameraViewController.m; sourceTree = "<group>"; wrapsLines = 0; };
/* End PBXFileReference section */

/* Begin PBXFrameworksBuildPhase section */
		B9DF14A622B810DE0028DC47 /* Frameworks */ = {
			isa = PBXFrameworksBuildPhase;
			buildActionMask = 2147483647;
			files = (
			);
			runOnlyForDeploymentPostprocessing = 0;
		};
/* End PBXFrameworksBuildPhase section */

/* Begin PBXGroup section */
		B9DF14A022B810DE0028DC47 = {
			isa = PBXGroup;
			children = (
				B9DF14AB22B810DE0028DC47 /* ISOCameraLDE */,
				B9DF14AA22B810DE0028DC47 /* Products */,
			);
			sourceTree = "<group>";
		};
		B9DF14AA22B810DE0028DC47 /* Products */ = {
			isa = PBXGroup;
			children = (
				B9DF14A922B810DE0028DC47 /* ISOCameraLDE.app */,
			);
			name = Products;
			sourceTree = "<group>";
		};
		B9DF14AB22B810DE0028DC47 /* ISOCameraLDE */ = {
			isa = PBXGroup;
			children = (
				B9DF14AC22B810DE0028DC47 /* AppDelegate.h */,
				B9DF14AD22B810DE0028DC47 /* AppDelegate.m */,
				B96EB364230FC8F40054F514 /* SceneDelegate.h */,
				B96EB365230FC8F40054F514 /* SceneDelegate.m */,
				B9DF14C822B8126D0028DC47 /* CameraViewController.h */,
				B9DF14C922B8126D0028DC47 /* CameraViewController.m */,
				B9CEED452321BAD100DEC88A /* CameraControlsView.h */,
				B9CEED462321BAD100DEC88A /* CameraControlsView.m */,
				B9DF14C522B811800028DC47 /* CameraView.h */,
				B9DF14C622B811810028DC47 /* CameraView.m */,
				B9DF14B522B810DE0028DC47 /* Main.storyboard */,
				B9DF14B822B810E00028DC47 /* Assets.xcassets */,
				B9DF14BA22B810E00028DC47 /* LaunchScreen.storyboard */,
				B9DF14BD22B810E00028DC47 /* Info.plist */,
				B9DF14BE22B810E00028DC47 /* main.m */,
			);
			path = ISOCameraLDE;
			sourceTree = "<group>";
		};
/* End PBXGroup section */

/* Begin PBXNativeTarget section */
		B9DF14A822B810DE0028DC47 /* ISOCameraLDE */ = {
			isa = PBXNativeTarget;
			buildConfigurationList = B9DF14C222B810E00028DC47 /* Build configuration list for PBXNativeTarget "ISOCameraLDE" */;
			buildPhases = (
				B9DF14A522B810DE0028DC47 /* Sources */,
				B9DF14A622B810DE0028DC47 /* Frameworks */,
				B9DF14A722B810DE0028DC47 /* Resources */,
			);
			buildRules = (
			);
			dependencies = (
			);
			name = ISOCameraLDE;
			productName = ISOCameraLDE;
			productReference = B9DF14A922B810DE0028DC47 /* ISOCameraLDE.app */;
			productType = "com.apple.product-type.application";
		};
/* End PBXNativeTarget section */

/* Begin PBXProject section */
		B9DF14A122B810DE0028DC47 /* Project object */ = {
			isa = PBXProject;
			attributes = {
				LastUpgradeCheck = 1100;
				ORGANIZATIONNAME = "The Life of a Demoniac";
				TargetAttributes = {
					B9DF14A822B810DE0028DC47 = {
						CreatedOnToolsVersion = 11.0;
					};
				};
			};
			buildConfigurationList = B9DF14A422B810DE0028DC47 /* Build configuration list for PBXProject "ISOCameraLDE" */;
			compatibilityVersion = "Xcode 11.0";
			developmentRegion = en;
			hasScannedForEncodings = 0;
			knownRegions = (
				en,
				Base,
			);
			mainGroup = B9DF14A022B810DE0028DC47;
			productRefGroup = B9DF14AA22B810DE0028DC47 /* Products */;
			projectDirPath = "";
			projectRoot = "";
			targets = (
				B9DF14A822B810DE0028DC47 /* ISOCameraLDE */,
			);
		};
/* End PBXProject section */

/* Begin PBXResourcesBuildPhase section */
		B9DF14A722B810DE0028DC47 /* Resources */ = {
			isa = PBXResourcesBuildPhase;
			buildActionMask = 2147483647;
			files = (
				B9DF14BC22B810E00028DC47 /* LaunchScreen.storyboard in Resources */,
				B9DF14B922B810E00028DC47 /* Assets.xcassets in Resources */,
				B9DF14B722B810DE0028DC47 /* Main.storyboard in Resources */,
			);
			runOnlyForDeploymentPostprocessing = 0;
		};
/* End PBXResourcesBuildPhase section */

/* Begin PBXSourcesBuildPhase section */
		B9DF14A522B810DE0028DC47 /* Sources */ = {
			isa = PBXSourcesBuildPhase;
			buildActionMask = 2147483647;
			files = (
				B9DF14C722B811810028DC47 /* CameraView.m in Sources */,
				B9CEED472321BAD100DEC88A /* CameraControlsView.m in Sources */,
				B9DF14CA22B8126D0028DC47 /* CameraViewController.m in Sources */,
				B96EB366230FC8F40054F514 /* SceneDelegate.m in Sources */,
				B9DF14AE22B810DE0028DC47 /* AppDelegate.m in Sources */,
				B9DF14BF22B810E00028DC47 /* main.m in Sources */,
			);
			runOnlyForDeploymentPostprocessing = 0;
		};
/* End PBXSourcesBuildPhase section */

/* Begin PBXVariantGroup section */
		B9DF14B522B810DE0028DC47 /* Main.storyboard */ = {
			isa = PBXVariantGroup;
			children = (
				B9DF14B622B810DE0028DC47 /* Base */,
			);
			name = Main.storyboard;
			sourceTree = "<group>";
		};
		B9DF14BA22B810E00028DC47 /* LaunchScreen.storyboard */ = {
			isa = PBXVariantGroup;
			children = (
				B9DF14BB22B810E00028DC47 /* Base */,
			);
			name = LaunchScreen.storyboard;
			sourceTree = "<group>";
		};
/* End PBXVariantGroup section */

/* Begin XCBuildConfiguration section */
		B9DF14C022B810E00028DC47 /* Debug */ = {
			isa = XCBuildConfiguration;
			buildSettings = {
				ALWAYS_SEARCH_USER_PATHS = NO;
				CLANG_ANALYZER_NONNULL = YES;
				CLANG_ANALYZER_NUMBER_OBJECT_CONVERSION = YES_AGGRESSIVE;
				CLANG_CXX_LANGUAGE_STANDARD = "gnu++14";
				CLANG_CXX_LIBRARY = "libc++";
				CLANG_ENABLE_MODULES = YES;
				CLANG_ENABLE_OBJC_ARC = YES;
				CLANG_ENABLE_OBJC_WEAK = YES;
				CLANG_WARN_BLOCK_CAPTURE_AUTORELEASING = YES;
				CLANG_WARN_BOOL_CONVERSION = YES;
				CLANG_WARN_COMMA = YES;
				CLANG_WARN_CONSTANT_CONVERSION = YES;
				CLANG_WARN_DEPRECATED_OBJC_IMPLEMENTATIONS = YES;
				CLANG_WARN_DIRECT_OBJC_ISA_USAGE = YES_ERROR;
				CLANG_WARN_DOCUMENTATION_COMMENTS = YES;
				CLANG_WARN_EMPTY_BODY = YES;
				CLANG_WARN_ENUM_CONVERSION = YES;
				CLANG_WARN_INFINITE_RECURSION = YES;
				CLANG_WARN_INT_CONVERSION = YES;
				CLANG_WARN_NON_LITERAL_NULL_CONVERSION = YES;
				CLANG_WARN_OBJC_IMPLICIT_RETAIN_SELF = YES;
				CLANG_WARN_OBJC_LITERAL_CONVERSION = YES;
				CLANG_WARN_OBJC_ROOT_CLASS = YES_ERROR;
				CLANG_WARN_RANGE_LOOP_ANALYSIS = YES;
				CLANG_WARN_STRICT_PROTOTYPES = YES;
				CLANG_WARN_SUSPICIOUS_MOVE = YES;
				CLANG_WARN_UNGUARDED_AVAILABILITY = YES_AGGRESSIVE;
				CLANG_WARN_UNREACHABLE_CODE = YES;
				CLANG_WARN__DUPLICATE_METHOD_MATCH = YES;
				COPY_PHASE_STRIP = NO;
				DEBUG_INFORMATION_FORMAT = dwarf;
				ENABLE_STRICT_OBJC_MSGSEND = YES;
				ENABLE_TESTABILITY = YES;
				GCC_C_LANGUAGE_STANDARD = gnu11;
				GCC_DYNAMIC_NO_PIC = NO;
				GCC_NO_COMMON_BLOCKS = YES;
				GCC_OPTIMIZATION_LEVEL = 0;
				GCC_PREPROCESSOR_DEFINITIONS = (
					"DEBUG=1",
					"$(inherited)",
				);
				GCC_WARN_64_TO_32_BIT_CONVERSION = YES;
				GCC_WARN_ABOUT_RETURN_TYPE = YES_ERROR;
				GCC_WARN_UNDECLARED_SELECTOR = YES;
				GCC_WARN_UNINITIALIZED_AUTOS = YES_AGGRESSIVE;
				GCC_WARN_UNUSED_FUNCTION = YES;
				GCC_WARN_UNUSED_VARIABLE = YES;
				IPHONEOS_DEPLOYMENT_TARGET = 13.0;
				MTL_ENABLE_DEBUG_INFO = INCLUDE_SOURCE;
				MTL_FAST_MATH = YES;
				ONLY_ACTIVE_ARCH = YES;
				SDKROOT = iphoneos;
			};
			name = Debug;
		};
		B9DF14C122B810E00028DC47 /* Release */ = {
			isa = XCBuildConfiguration;
			buildSettings = {
				ALWAYS_SEARCH_USER_PATHS = NO;
				CLANG_ANALYZER_NONNULL = YES;
				CLANG_ANALYZER_NUMBER_OBJECT_CONVERSION = YES_AGGRESSIVE;
				CLANG_CXX_LANGUAGE_STANDARD = "gnu++14";
				CLANG_CXX_LIBRARY = "libc++";
				CLANG_ENABLE_MODULES = YES;
				CLANG_ENABLE_OBJC_ARC = YES;
				CLANG_ENABLE_OBJC_WEAK = YES;
				CLANG_WARN_BLOCK_CAPTURE_AUTORELEASING = YES;
				CLANG_WARN_BOOL_CONVERSION = YES;
				CLANG_WARN_COMMA = YES;
				CLANG_WARN_CONSTANT_CONVERSION = YES;
				CLANG_WARN_DEPRECATED_OBJC_IMPLEMENTATIONS = YES;
				CLANG_WARN_DIRECT_OBJC_ISA_USAGE = YES_ERROR;
				CLANG_WARN_DOCUMENTATION_COMMENTS = YES;
				CLANG_WARN_EMPTY_BODY = YES;
				CLANG_WARN_ENUM_CONVERSION = YES;
				CLANG_WARN_INFINITE_RECURSION = YES;
				CLANG_WARN_INT_CONVERSION = YES;
				CLANG_WARN_NON_LITERAL_NULL_CONVERSION = YES;
				CLANG_WARN_OBJC_IMPLICIT_RETAIN_SELF = YES;
				CLANG_WARN_OBJC_LITERAL_CONVERSION = YES;
				CLANG_WARN_OBJC_ROOT_CLASS = YES_ERROR;
				CLANG_WARN_RANGE_LOOP_ANALYSIS = YES;
				CLANG_WARN_STRICT_PROTOTYPES = YES;
				CLANG_WARN_SUSPICIOUS_MOVE = YES;
				CLANG_WARN_UNGUARDED_AVAILABILITY = YES_AGGRESSIVE;
				CLANG_WARN_UNREACHABLE_CODE = YES;
				CLANG_WARN__DUPLICATE_METHOD_MATCH = YES;
				COPY_PHASE_STRIP = NO;
				DEBUG_INFORMATION_FORMAT = "dwarf-with-dsym";
				ENABLE_NS_ASSERTIONS = NO;
				ENABLE_STRICT_OBJC_MSGSEND = YES;
				GCC_C_LANGUAGE_STANDARD = gnu11;
				GCC_NO_COMMON_BLOCKS = YES;
				GCC_WARN_64_TO_32_BIT_CONVERSION = YES;
				GCC_WARN_ABOUT_RETURN_TYPE = YES_ERROR;
				GCC_WARN_UNDECLARED_SELECTOR = YES;
				GCC_WARN_UNINITIALIZED_AUTOS = YES_AGGRESSIVE;
				GCC_WARN_UNUSED_FUNCTION = YES;
				GCC_WARN_UNUSED_VARIABLE = YES;
				IPHONEOS_DEPLOYMENT_TARGET = 13.0;
				MTL_ENABLE_DEBUG_INFO = NO;
				MTL_FAST_MATH = YES;
				SDKROOT = iphoneos;
				VALIDATE_PRODUCT = YES;
			};
			name = Release;
		};
		B9DF14C322B810E00028DC47 /* Debug */ = {
			isa = XCBuildConfiguration;
			buildSettings = {
				ASSETCATALOG_COMPILER_APPICON_NAME = AppIcon;
				CODE_SIGN_STYLE = Automatic;
				DEVELOPMENT_TEAM = N9987K9442;
				INFOPLIST_FILE = ISOCameraLDE/Info.plist;
				IPHONEOS_DEPLOYMENT_TARGET = 13.0;
				LD_RUNPATH_SEARCH_PATHS = (
					"$(inherited)",
					"@executable_path/Frameworks",
				);
				PRODUCT_BUNDLE_IDENTIFIER = com.blogspot.demonicactivity.bush.alan.james.ISOCameraLDE;
				PRODUCT_NAME = "$(TARGET_NAME)";
				TARGETED_DEVICE_FAMILY = "1,2";
			};
			name = Debug;
		};
		B9DF14C422B810E00028DC47 /* Release */ = {
			isa = XCBuildConfiguration;
			buildSettings = {
				ASSETCATALOG_COMPILER_APPICON_NAME = AppIcon;
				CODE_SIGN_STYLE = Automatic;
				DEVELOPMENT_TEAM = N9987K9442;
				INFOPLIST_FILE = ISOCameraLDE/Info.plist;
				IPHONEOS_DEPLOYMENT_TARGET = 13.0;
				LD_RUNPATH_SEARCH_PATHS = (
					"$(inherited)",
					"@executable_path/Frameworks",
				);
				PRODUCT_BUNDLE_IDENTIFIER = com.blogspot.demonicactivity.bush.alan.james.ISOCameraLDE;
				PRODUCT_NAME = "$(TARGET_NAME)";
				TARGETED_DEVICE_FAMILY = "1,2";
			};
			name = Release;
		};
/* End XCBuildConfiguration section */

/* Begin XCConfigurationList section */
		B9DF14A422B810DE0028DC47 /* Build configuration list for PBXProject "ISOCameraLDE" */ = {
			isa = XCConfigurationList;
			buildConfigurations = (
				B9DF14C022B810E00028DC47 /* Debug */,
				B9DF14C122B810E00028DC47 /* Release */,
			);
			defaultConfigurationIsVisible = 0;
			defaultConfigurationName = Release;
		};
		B9DF14C222B810E00028DC47 /* Build configuration list for PBXNativeTarget "ISOCameraLDE" */ = {
			isa = XCConfigurationList;
			buildConfigurations = (
				B9DF14C322B810E00028DC47 /* Debug */,
				B9DF14C422B810E00028DC47 /* Release */,
			);
			defaultConfigurationIsVisible = 0;
			defaultConfigurationName = Release;
		};
/* End XCConfigurationList section */
	};
	rootObject = B9DF14A122B810DE0028DC47 /* Project object */;
}
